
Microsoft Visual Studio Solution File, Format Version 12.00
# Visual Studio Version 17
VisualStudioVersion = 17.7.34018.315
MinimumVisualStudioVersion = 10.0.40219.1
Project("{FAE04EC0-301F-11D3-BF4B-00C04F79EFBC}") = "Getting Started C#", "Getting Started C#\Getting Started C#.csproj", "{ABAB954F-D70D-422E-8A84-9C98D88E4CDC}"
EndProject
Global
	GlobalSection(SolutionConfigurationPlatforms) = preSolution
		Debug|Any CPU = Debug|Any CPU
		Release|Any CPU = Release|Any CPU
	EndGlobalSection
	GlobalSection(ProjectConfigurationPlatforms) = postSolution
		{ABAB954F-D70D-422E-8A84-9C98D88E4CDC}.Debug|Any CPU.ActiveCfg = Debug|Any CPU
		{ABAB954F-D70D-422E-8A84-9C98D88E4CDC}.Debug|Any CPU.Build.0 = Debug|Any CPU
		{ABAB954F-D70D-422E-8A84-9C98D88E4CDC}.Release|Any CPU.ActiveCfg = Release|Any CPU
		{ABAB954F-D70D-422E-8A84-9C98D88E4CDC}.Release|Any CPU.Build.0 = Release|Any CPU
	EndGlobalSection
	GlobalSection(SolutionProperties) = preSolution
		HideSolutionNode = FALSE
	EndGlobalSection
	GlobalSection(ExtensibilityGlobals) = postSolution
		SolutionGuid = {EBEA93F3-E9A0-4EC9-95D9-429ABFF84CE2}
	EndGlobalSection
EndGlobal
